
Microsoft Visual Studio Solution File, Format Version 12.00
# Visual Studio Version 17
VisualStudioVersion = 17.5.33516.290
MinimumVisualStudioVersion = 10.0.40219.1
Project("{FAE04EC0-301F-11D3-BF4B-00C04F79EFBC}") = "MyApplicationLogs", "MyApplicationLogs\MyApplicationLogs.csproj", "{EFDAF18F-B5FC-4934-B3FD-67E4EC1060C9}"
EndProject
Global
	GlobalSection(SolutionConfigurationPlatforms) = preSolution
		Debug|Any CPU = Debug|Any CPU
		Release|Any CPU = Release|Any CPU
	EndGlobalSection
	GlobalSection(ProjectConfigurationPlatforms) = postSolution
		{EFDAF18F-B5FC-4934-B3FD-67E4EC1060C9}.Debug|Any CPU.ActiveCfg = Debug|Any CPU
		{EFDAF18F-B5FC-4934-B3FD-67E4EC1060C9}.Debug|Any CPU.Build.0 = Debug|Any CPU
		{EFDAF18F-B5FC-4934-B3FD-67E4EC1060C9}.Release|Any CPU.ActiveCfg = Release|Any CPU
		{EFDAF18F-B5FC-4934-B3FD-67E4EC1060C9}.Release|Any CPU.Build.0 = Release|Any CPU
	EndGlobalSection
	GlobalSection(SolutionProperties) = preSolution
		HideSolutionNode = FALSE
	EndGlobalSection
	GlobalSection(ExtensibilityGlobals) = postSolution
		SolutionGuid = {376D46ED-3658-4A94-BA02-E065C279EC39}
	EndGlobalSection
EndGlobal
